<?xml version="1.0" encoding="utf-8"?>
<Project ToolsVersion="4.0" xmlns="http://schemas.microsoft.com/developer/msbuild/2003">
  <ItemGroup>
    <Filter Include="Source Files">
      <UniqueIdentifier>{4FC737F1-C7A5-4376-A066-2A32D752A2FF}</UniqueIdentifier>
      <Extensions>cpp;c;cc;cxx;def;odl;idl;hpj;bat;asm;asmx</Extensions>
    </Filter>
    <Filter Include="Header Files">
      <UniqueIdentifier>{93995380-89BD-4b04-88EB-625FBE52EBFB}</UniqueIdentifier>
      <Extensions>h;hh;hpp;hxx;hm;inl;inc;xsd</Extensions>
    </Filter>
    <Filter Include="Resource Files">
      <UniqueIdentifier>{67DA6AB6-F800-4c08-8B7A-83BB121AAD01}</UniqueIdentifier>
      <Extensions>rc;ico;cur;bmp;dlg;rc2;rct;bin;rgs;gif;jpg;jpeg;jpe;resx;tiff;tif;png;wav;mfcribbon-ms</Extensions>
    </Filter>
    <Filter Include="Header Files\GameObject">
      <UniqueIdentifier>{6d7dd4bb-6412-4ed1-8ea3-0218977b9cf1}</UniqueIdentifier>
    </Filter>
    <Filter Include="Source Files\GameObject">
      <UniqueIdentifier>{199f46cd-8d3d-4484-b2a8-e0b0e8759f88}</UniqueIdentifier>
    </Filter>
    <Filter Include="Header Files\Behavior">
      <UniqueIdentifier>{e3df9d48-0df7-40b5-b15c-b562766a3810}</UniqueIdentifier>
    </Filter>
    <Filter Include="Source Files\Behavior">
      <UniqueIdentifier>{37684b06-d1e8-4cac-afd1-92428134978f}</UniqueIdentifier>
    </Filter>
    <Filter Include="PugiXml">
      <UniqueIdentifier>{0961d2fb-2e36-41c2-a099-8b7edf2d75df}</UniqueIdentifier>
    </Filter>
    <Filter Include="Header Files\ClientFol">
      <UniqueIdentifier>{854d25cc-ee5a-44e0-a72e-1a7c6f5d1348}</UniqueIdentifier>
    </Filter>
    <Filter Include="Source Files\ClientFol">
      <UniqueIdentifier>{b0a6fbff-e9f7-4efe-a3ef-e29e049d7f75}</UniqueIdentifier>
    </Filter>
    <Filter Include="Logger">
      <UniqueIdentifier>{e314613b-248a-47ed-a6c9-f6f23b7512ba}</UniqueIdentifier>
    </Filter>
    <Filter Include="GameLog">
      <UniqueIdentifier>{912608ca-6a47-4c3d-b39a-4bedf7cae6ab}</UniqueIdentifier>
    </Filter>
  </ItemGroup>
  <ItemGroup>
    <ClCompile Include="WinMain.cpp">
      <Filter>Source Files</Filter>
    </ClCompile>
    <ClCompile Include="Game.cpp">
      <Filter>Source Files</Filter>
    </ClCompile>
    <ClCompile Include="GameObject.cpp">
      <Filter>Source Files</Filter>
    </ClCompile>
    <ClCompile Include="GameScene.cpp">
      <Filter>Source Files</Filter>
    </ClCompile>
    <ClCompile Include="Sprite.cpp">
      <Filter>Source Files</Filter>
    </ClCompile>
    <ClCompile Include="Controller.cpp">
      <Filter>Source Files</Filter>
    </ClCompile>
    <ClCompile Include="GameObject\Tank.cpp">
      <Filter>Source Files\GameObject</Filter>
    </ClCompile>
    <ClCompile Include="Player.cpp">
      <Filter>Source Files</Filter>
    </ClCompile>
    <ClCompile Include="Behavior\Movement.cpp">
      <Filter>Source Files\Behavior</Filter>
    </ClCompile>
    <ClCompile Include="GameObject\Brick.cpp">
      <Filter>Source Files\GameObject</Filter>
    </ClCompile>
    <ClCompile Include="pugixml-1.8\src\pugixml.cpp">
      <Filter>PugiXml</Filter>
    </ClCompile>
    <ClCompile Include="GameObject\Bullet.cpp">
      <Filter>Source Files\GameObject</Filter>
    </ClCompile>
    <ClCompile Include="GameObject\Steel.cpp">
      <Filter>Source Files\GameObject</Filter>
    </ClCompile>
    <ClCompile Include="Client\Client.cpp">
      <Filter>Source Files\ClientFol</Filter>
    </ClCompile>
    <ClCompile Include="Logger\Logger.cpp">
      <Filter>Logger</Filter>
    </ClCompile>
    <ClCompile Include="Client\Timer.cpp">
      <Filter>Source Files\ClientFol</Filter>
    </ClCompile>
    <ClCompile Include="GameLog\GameLog.cpp">
      <Filter>GameLog</Filter>
    </ClCompile>
    <ClCompile Include="Client\Updater.cpp">
      <Filter>Source Files\ClientFol</Filter>
    </ClCompile>
  </ItemGroup>
  <ItemGroup>
    <ClInclude Include="Game.h">
      <Filter>Header Files</Filter>
    </ClInclude>
    <ClInclude Include="GameObject.h">
      <Filter>Header Files</Filter>
    </ClInclude>
    <ClInclude Include="GameScene.h">
      <Filter>Header Files</Filter>
    </ClInclude>
    <ClInclude Include="Sprite.h">
      <Filter>Header Files</Filter>
    </ClInclude>
    <ClInclude Include="Controller.h">
      <Filter>Header Files</Filter>
    </ClInclude>
    <ClInclude Include="GameObject\Tank.h">
      <Filter>Header Files\GameObject</Filter>
    </ClInclude>
    <ClInclude Include="Player.h">
      <Filter>Header Files</Filter>
    </ClInclude>
    <ClInclude Include="define.h">
      <Filter>Header Files</Filter>
    </ClInclude>
    <ClInclude Include="Behavior\Movement.h">
      <Filter>Header Files\Behavior</Filter>
    </ClInclude>
    <ClInclude Include="GameObject\Brick.h">
      <Filter>Header Files\GameObject</Filter>
    </ClInclude>
    <ClInclude Include="pugixml-1.8\src\pugixml.hpp">
      <Filter>PugiXml</Filter>
    </ClInclude>
    <ClInclude Include="pugixml-1.8\src\pugiconfig.hpp">
      <Filter>PugiXml</Filter>
    </ClInclude>
    <ClInclude Include="GameObject\Bulllet.h">
      <Filter>Header Files\GameObject</Filter>
    </ClInclude>
    <ClInclude Include="GameObject\Steel.h">
      <Filter>Header Files\GameObject</Filter>
    </ClInclude>
    <ClInclude Include="Client\Client.h">
      <Filter>Header Files\ClientFol</Filter>
    </ClInclude>
    <ClInclude Include="Logger\Logger.h">
      <Filter>Logger</Filter>
    </ClInclude>
    <ClInclude Include="Client\Timer.h">
      <Filter>Header Files\ClientFol</Filter>
    </ClInclude>
    <ClInclude Include="GameLog\GameLog.h">
      <Filter>GameLog</Filter>
    </ClInclude>
    <ClInclude Include="Client\Updater.h">
      <Filter>Header Files\ClientFol</Filter>
    </ClInclude>
  </ItemGroup>
</Project>